
Microsoft Visual Studio Solution File, Format Version 12.00
# Visual Studio Version 17
VisualStudioVersion = 17.13.35825.156
MinimumVisualStudioVersion = 10.0.40219.1
Project("{FAE04EC0-301F-11D3-BF4B-00C04F79EFBC}") = "LuxMed.WEB", "LuxMed.WEB\LuxMed.WEB.csproj", "{61D47166-0A4E-4291-B8F3-8506FF8DAD66}"
EndProject
Project("{FAE04EC0-301F-11D3-BF4B-00C04F79EFBC}") = "LuxMed.BusinessLogic", "BusinesLogic\LuxMed.BusinessLogic.csproj", "{DA23D957-0A26-4511-B71B-667A4149D082}"
EndProject
Project("{FAE04EC0-301F-11D3-BF4B-00C04F79EFBC}") = "LuxMed.Domain", "Domain\LuxMed.Domain.csproj", "{7B939636-4891-4816-8B30-63F487E849EB}"
EndProject
Project("{FAE04EC0-301F-11D3-BF4B-00C04F79EFBC}") = "LuxMed.Helpers", "LuxMed.WEB.Helpers\LuxMed.Helpers.csproj", "{C5733B6D-211F-403C-9920-CF708BA5338A}"
EndProject
Global
	GlobalSection(SolutionConfigurationPlatforms) = preSolution
		Debug|Any CPU = Debug|Any CPU
		Release|Any CPU = Release|Any CPU
	EndGlobalSection
	GlobalSection(ProjectConfigurationPlatforms) = postSolution
		{61D47166-0A4E-4291-B8F3-8506FF8DAD66}.Debug|Any CPU.ActiveCfg = Debug|Any CPU
		{61D47166-0A4E-4291-B8F3-8506FF8DAD66}.Debug|Any CPU.Build.0 = Debug|Any CPU
		{61D47166-0A4E-4291-B8F3-8506FF8DAD66}.Release|Any CPU.ActiveCfg = Release|Any CPU
		{61D47166-0A4E-4291-B8F3-8506FF8DAD66}.Release|Any CPU.Build.0 = Release|Any CPU
		{DA23D957-0A26-4511-B71B-667A4149D082}.Debug|Any CPU.ActiveCfg = Debug|Any CPU
		{DA23D957-0A26-4511-B71B-667A4149D082}.Debug|Any CPU.Build.0 = Debug|Any CPU
		{DA23D957-0A26-4511-B71B-667A4149D082}.Release|Any CPU.ActiveCfg = Release|Any CPU
		{DA23D957-0A26-4511-B71B-667A4149D082}.Release|Any CPU.Build.0 = Release|Any CPU
		{7B939636-4891-4816-8B30-63F487E849EB}.Debug|Any CPU.ActiveCfg = Debug|Any CPU
		{7B939636-4891-4816-8B30-63F487E849EB}.Debug|Any CPU.Build.0 = Debug|Any CPU
		{7B939636-4891-4816-8B30-63F487E849EB}.Release|Any CPU.ActiveCfg = Release|Any CPU
		{7B939636-4891-4816-8B30-63F487E849EB}.Release|Any CPU.Build.0 = Release|Any CPU
		{C5733B6D-211F-403C-9920-CF708BA5338A}.Debug|Any CPU.ActiveCfg = Debug|Any CPU
		{C5733B6D-211F-403C-9920-CF708BA5338A}.Debug|Any CPU.Build.0 = Debug|Any CPU
		{C5733B6D-211F-403C-9920-CF708BA5338A}.Release|Any CPU.ActiveCfg = Release|Any CPU
		{C5733B6D-211F-403C-9920-CF708BA5338A}.Release|Any CPU.Build.0 = Release|Any CPU
	EndGlobalSection
	GlobalSection(SolutionProperties) = preSolution
		HideSolutionNode = FALSE
	EndGlobalSection
	GlobalSection(ExtensibilityGlobals) = postSolution
		SolutionGuid = {6F9E3D6A-5226-4322-B5CB-76F6BDFFB12C}
	EndGlobalSection
EndGlobal
